
Microsoft Visual Studio Solution File, Format Version 12.00
# Visual Studio 15
Project("{FAE04EC0-301F-11D3-BF4B-00C04F79EFBC}") = "Assembly-CSharp", "Assembly-CSharp.csproj", "{93694B53-CD92-3C03-6125-C6ACB8540733}"
EndProject
Global
	GlobalSection(SolutionConfigurationPlatforms) = preSolution
		Debug|Any CPU = Debug|Any CPU
		Release|Any CPU = Release|Any CPU
	EndGlobalSection
	GlobalSection(ProjectConfigurationPlatforms) = postSolution
		{93694B53-CD92-3C03-6125-C6ACB8540733}.Debug|Any CPU.ActiveCfg = Debug|Any CPU
		{93694B53-CD92-3C03-6125-C6ACB8540733}.Debug|Any CPU.Build.0 = Debug|Any CPU
		{93694B53-CD92-3C03-6125-C6ACB8540733}.Release|Any CPU.ActiveCfg = Release|Any CPU
		{93694B53-CD92-3C03-6125-C6ACB8540733}.Release|Any CPU.Build.0 = Release|Any CPU
	EndGlobalSection
	GlobalSection(SolutionProperties) = preSolution
		HideSolutionNode = FALSE
	EndGlobalSection
EndGlobal
